{
    "_readme": [
        "This file locks the dependencies of your project to a known state",
        "Read more about it at http://getcomposer.org/doc/01-basic-usage.md#composer-lock-the-lock-file"
    ],
    "hash": "2e80a0893151e43d12d0d5190642bb52",
    "packages": [
        {
            "name": "zendframework/zend-debug",
            "version": "2.3.0",
            "target-dir": "Zend/Debug",
            "source": {
                "type": "git",
                "url": "https://github.com/zendframework/Component_ZendDebug.git",
                "reference": "da97e948ce06b15b1451095edc84dd66eee67e7c"
            },
            "dist": {
                "type": "zip",
                "url": "https://api.github.com/repos/zendframework/Component_ZendDebug/zipball/da97e948ce06b15b1451095edc84dd66eee67e7c",
                "reference": "da97e948ce06b15b1451095edc84dd66eee67e7c",
                "shasum": ""
            },
            "require": {
                "php": ">=5.3.23"
            },
            "require-dev": {
                "zendframework/zend-escaper": "*"
            },
            "suggest": {
                "ext/xdebug": "XDebug, for better backtrace output",
                "zendframework/zend-escaper": "To support escaped output"
            },
            "type": "library",
            "extra": {
                "branch-alias": {
                    "dev-master": "2.2-dev",
                    "dev-develop": "2.3-dev"
                }
            },
            "autoload": {
                "psr-0": {
                    "Zend\\Debug\\": ""
                }
            },
            "notification-url": "https://packagist.org/downloads/",
            "license": [
                "BSD-3-Clause"
            ],
            "keywords": [
                "debug",
                "zf2"
            ],
            "time": "2014-03-14 16:20:54"
        }
    ],
    "packages-dev": [

    ],
    "aliases": [

    ],
    "minimum-stability": "stable",
    "stability-flags": [

    ],
    "platform": [

    ],
    "platform-dev": [

    ]
}
